Microsoft Visual Studio Solution File, Format Version 12.00
# Visual Studio Version 16
VisualStudioVersion = 16.0.31624.102
MinimumVisualStudioVersion = 10.0.40219.1
Project("{9A19103F-16F7-4668-BE54-9A1E7A4F7556}") = "NLA.CustomerAPI.Domains", "src\NLA.CustomerAPI.Domains\NLA.CustomerAPI.Domains.csproj", "{085115EF-1CE9-40DD-B5C0-AAA0CB62F8DD}"
EndProject
Project("{9A19103F-16F7-4668-BE54-9A1E7A4F7556}") = "NLA.CustomerAPI.Contracts", "src\NLA.CustomerAPI.Contracts\NLA.CustomerAPI.Contracts.csproj", "{AD50104F-C15D-46A8-A6DF-74CD3E9B3E52}"
EndProject
Project("{9A19103F-16F7-4668-BE54-9A1E7A4F7556}") = "NLA.CustomerAPI.Repositories", "src\NLA.CustomerAPI.Repositories\NLA.CustomerAPI.Repositories.csproj", "{3F4D8531-27A2-480B-B8C2-2112B62EA52B}"
EndProject
Project("{9A19103F-16F7-4668-BE54-9A1E7A4F7556}") = "NLA.CustomerAPI.Services", "src\NLA.CustomerAPI.Services\NLA.CustomerAPI.Services.csproj", "{C7245A37-483E-4C5E-9536-05D2A63A32E6}"
EndProject
Project("{9A19103F-16F7-4668-BE54-9A1E7A4F7556}") = "NLA.CustomerAPI.RestAPI", "src\NLA.CustomerAPI.RestAPI\NLA.CustomerAPI.RestAPI.csproj", "{96D63029-8D61-498A-8E56-95DCDEEAF7D7}"
EndProject
Project("{2150E333-8FDC-42A3-9474-1A3956D46DE8}") = "src", "src", "{4C6FE100-5975-40D8-8D12-E7C9005BDF3B}"
EndProject
Project("{2150E333-8FDC-42A3-9474-1A3956D46DE8}") = "tests", "tests", "{E852B767-2627-45C7-A1A5-6B08890E161A}"
EndProject
Project("{9A19103F-16F7-4668-BE54-9A1E7A4F7556}") = "NLA.CustomerAPI.Domains.Tests", "tests\NLA.CustomerAPI.Domains.Tests\NLA.CustomerAPI.Domains.Tests.csproj", "{B47B00CA-F3BA-4A9E-A798-5DB835212B99}"
EndProject
Project("{9A19103F-16F7-4668-BE54-9A1E7A4F7556}") = "NLA.CustomerAPI.Contracts.Tests", "tests\NLA.CustomerAPI.Contracts.Tests\NLA.CustomerAPI.Contracts.Tests.csproj", "{02316C6E-7D07-40D8-97E7-679B5A49888E}"
EndProject
Project("{9A19103F-16F7-4668-BE54-9A1E7A4F7556}") = "NLA.CustomerAPI.Repositories.Tests", "tests\NLA.CustomerAPI.Repositories.Tests\NLA.CustomerAPI.Repositories.Tests.csproj", "{D3947401-96ED-4A46-8CEE-144465D1EE5C}"
EndProject
Project("{9A19103F-16F7-4668-BE54-9A1E7A4F7556}") = "NLA.CustomerAPI.RestAPI.Tests", "tests\NLA.CustomerAPI.RestAPI.Tests\NLA.CustomerAPI.RestAPI.Tests.csproj", "{3D66D0BA-CADF-4276-8A3A-E24CA3AFBB62}"
EndProject
Project("{9A19103F-16F7-4668-BE54-9A1E7A4F7556}") = "NLA.CustomerAPI.Services.Tests", "tests\NLA.CustomerAPI.Services.Tests\NLA.CustomerAPI.Services.Tests.csproj", "{FD9393FA-711F-401F-AE79-B307DD0DF2BB}"
EndProject
Global
	GlobalSection(SolutionConfigurationPlatforms) = preSolution
		Debug|Any CPU = Debug|Any CPU
		Release|Any CPU = Release|Any CPU
	EndGlobalSection
	GlobalSection(ProjectConfigurationPlatforms) = postSolution
		{085115EF-1CE9-40DD-B5C0-AAA0CB62F8DD}.Debug|Any CPU.ActiveCfg = Debug|Any CPU
		{085115EF-1CE9-40DD-B5C0-AAA0CB62F8DD}.Debug|Any CPU.Build.0 = Debug|Any CPU
		{085115EF-1CE9-40DD-B5C0-AAA0CB62F8DD}.Release|Any CPU.ActiveCfg = Release|Any CPU
		{085115EF-1CE9-40DD-B5C0-AAA0CB62F8DD}.Release|Any CPU.Build.0 = Release|Any CPU
		{AD50104F-C15D-46A8-A6DF-74CD3E9B3E52}.Debug|Any CPU.ActiveCfg = Debug|Any CPU
		{AD50104F-C15D-46A8-A6DF-74CD3E9B3E52}.Debug|Any CPU.Build.0 = Debug|Any CPU
		{AD50104F-C15D-46A8-A6DF-74CD3E9B3E52}.Release|Any CPU.ActiveCfg = Release|Any CPU
		{AD50104F-C15D-46A8-A6DF-74CD3E9B3E52}.Release|Any CPU.Build.0 = Release|Any CPU
		{3F4D8531-27A2-480B-B8C2-2112B62EA52B}.Debug|Any CPU.ActiveCfg = Debug|Any CPU
		{3F4D8531-27A2-480B-B8C2-2112B62EA52B}.Debug|Any CPU.Build.0 = Debug|Any CPU
		{3F4D8531-27A2-480B-B8C2-2112B62EA52B}.Release|Any CPU.ActiveCfg = Release|Any CPU
		{3F4D8531-27A2-480B-B8C2-2112B62EA52B}.Release|Any CPU.Build.0 = Release|Any CPU
		{C7245A37-483E-4C5E-9536-05D2A63A32E6}.Debug|Any CPU.ActiveCfg = Debug|Any CPU
		{C7245A37-483E-4C5E-9536-05D2A63A32E6}.Debug|Any CPU.Build.0 = Debug|Any CPU
		{C7245A37-483E-4C5E-9536-05D2A63A32E6}.Release|Any CPU.ActiveCfg = Release|Any CPU
		{C7245A37-483E-4C5E-9536-05D2A63A32E6}.Release|Any CPU.Build.0 = Release|Any CPU
		{96D63029-8D61-498A-8E56-95DCDEEAF7D7}.Debug|Any CPU.ActiveCfg = Debug|Any CPU
		{96D63029-8D61-498A-8E56-95DCDEEAF7D7}.Debug|Any CPU.Build.0 = Debug|Any CPU
		{96D63029-8D61-498A-8E56-95DCDEEAF7D7}.Release|Any CPU.ActiveCfg = Release|Any CPU
		{96D63029-8D61-498A-8E56-95DCDEEAF7D7}.Release|Any CPU.Build.0 = Release|Any CPU
		{B47B00CA-F3BA-4A9E-A798-5DB835212B99}.Debug|Any CPU.ActiveCfg = Debug|Any CPU
		{B47B00CA-F3BA-4A9E-A798-5DB835212B99}.Debug|Any CPU.Build.0 = Debug|Any CPU
		{B47B00CA-F3BA-4A9E-A798-5DB835212B99}.Release|Any CPU.ActiveCfg = Release|Any CPU
		{B47B00CA-F3BA-4A9E-A798-5DB835212B99}.Release|Any CPU.Build.0 = Release|Any CPU
		{02316C6E-7D07-40D8-97E7-679B5A49888E}.Debug|Any CPU.ActiveCfg = Debug|Any CPU
		{02316C6E-7D07-40D8-97E7-679B5A49888E}.Debug|Any CPU.Build.0 = Debug|Any CPU
		{02316C6E-7D07-40D8-97E7-679B5A49888E}.Release|Any CPU.ActiveCfg = Release|Any CPU
		{02316C6E-7D07-40D8-97E7-679B5A49888E}.Release|Any CPU.Build.0 = Release|Any CPU
		{D3947401-96ED-4A46-8CEE-144465D1EE5C}.Debug|Any CPU.ActiveCfg = Debug|Any CPU
		{D3947401-96ED-4A46-8CEE-144465D1EE5C}.Debug|Any CPU.Build.0 = Debug|Any CPU
		{D3947401-96ED-4A46-8CEE-144465D1EE5C}.Release|Any CPU.ActiveCfg = Release|Any CPU
		{D3947401-96ED-4A46-8CEE-144465D1EE5C}.Release|Any CPU.Build.0 = Release|Any CPU
		{3D66D0BA-CADF-4276-8A3A-E24CA3AFBB62}.Debug|Any CPU.ActiveCfg = Debug|Any CPU
		{3D66D0BA-CADF-4276-8A3A-E24CA3AFBB62}.Debug|Any CPU.Build.0 = Debug|Any CPU
		{3D66D0BA-CADF-4276-8A3A-E24CA3AFBB62}.Release|Any CPU.ActiveCfg = Release|Any CPU
		{3D66D0BA-CADF-4276-8A3A-E24CA3AFBB62}.Release|Any CPU.Build.0 = Release|Any CPU
		{FD9393FA-711F-401F-AE79-B307DD0DF2BB}.Debug|Any CPU.ActiveCfg = Debug|Any CPU
		{FD9393FA-711F-401F-AE79-B307DD0DF2BB}.Debug|Any CPU.Build.0 = Debug|Any CPU
		{FD9393FA-711F-401F-AE79-B307DD0DF2BB}.Release|Any CPU.ActiveCfg = Release|Any CPU
		{FD9393FA-711F-401F-AE79-B307DD0DF2BB}.Release|Any CPU.Build.0 = Release|Any CPU
	EndGlobalSection
	GlobalSection(SolutionProperties) = preSolution
		HideSolutionNode = FALSE
	EndGlobalSection
	GlobalSection(NestedProjects) = preSolution
		{085115EF-1CE9-40DD-B5C0-AAA0CB62F8DD} = {4C6FE100-5975-40D8-8D12-E7C9005BDF3B}
		{AD50104F-C15D-46A8-A6DF-74CD3E9B3E52} = {4C6FE100-5975-40D8-8D12-E7C9005BDF3B}
		{3F4D8531-27A2-480B-B8C2-2112B62EA52B} = {4C6FE100-5975-40D8-8D12-E7C9005BDF3B}
		{C7245A37-483E-4C5E-9536-05D2A63A32E6} = {4C6FE100-5975-40D8-8D12-E7C9005BDF3B}
		{96D63029-8D61-498A-8E56-95DCDEEAF7D7} = {4C6FE100-5975-40D8-8D12-E7C9005BDF3B}
		{B47B00CA-F3BA-4A9E-A798-5DB835212B99} = {E852B767-2627-45C7-A1A5-6B08890E161A}
		{02316C6E-7D07-40D8-97E7-679B5A49888E} = {E852B767-2627-45C7-A1A5-6B08890E161A}
		{D3947401-96ED-4A46-8CEE-144465D1EE5C} = {E852B767-2627-45C7-A1A5-6B08890E161A}
		{3D66D0BA-CADF-4276-8A3A-E24CA3AFBB62} = {E852B767-2627-45C7-A1A5-6B08890E161A}
		{FD9393FA-711F-401F-AE79-B307DD0DF2BB} = {E852B767-2627-45C7-A1A5-6B08890E161A}
	EndGlobalSection
	GlobalSection(ExtensibilityGlobals) = postSolution
		SolutionGuid = {73C20C79-53BB-41FB-A5FD-D273B0F504C4}
	EndGlobalSection
EndGlobal
